
Microsoft Visual Studio Solution File, Format Version 12.00
# Visual Studio Version 16
VisualStudioVersion = 16.0.31729.503
MinimumVisualStudioVersion = 10.0.40219.1
Project("{FAE04EC0-301F-11D3-BF4B-00C04F79EFBC}") = "HW02_09156104", "HW02_09156104\HW02_09156104.csproj", "{78AF2B81-DEDD-4451-9894-989B3E958B93}"
EndProject
Global
	GlobalSection(SolutionConfigurationPlatforms) = preSolution
		Debug|Any CPU = Debug|Any CPU
		Release|Any CPU = Release|Any CPU
	EndGlobalSection
	GlobalSection(ProjectConfigurationPlatforms) = postSolution
		{78AF2B81-DEDD-4451-9894-989B3E958B93}.Debug|Any CPU.ActiveCfg = Debug|Any CPU
		{78AF2B81-DEDD-4451-9894-989B3E958B93}.Debug|Any CPU.Build.0 = Debug|Any CPU
		{78AF2B81-DEDD-4451-9894-989B3E958B93}.Release|Any CPU.ActiveCfg = Release|Any CPU
		{78AF2B81-DEDD-4451-9894-989B3E958B93}.Release|Any CPU.Build.0 = Release|Any CPU
	EndGlobalSection
	GlobalSection(SolutionProperties) = preSolution
		HideSolutionNode = FALSE
	EndGlobalSection
	GlobalSection(ExtensibilityGlobals) = postSolution
		SolutionGuid = {2993273E-7B77-4C96-9794-0387CC1AE6E4}
	EndGlobalSection
EndGlobal
